# This lock file was generated by conda-lock (https://github.com/conda/conda-lock). DO NOT EDIT!
#
# A "lock file" contains a concrete list of package versions (with checksums) to be installed. Unlike
# e.g. `conda env create`, the resulting environment will not change as new package versions become
# available, unless you explicitly update the lock file.
#
# Install this environment as "YOURENV" with:
#     conda-lock install -n YOURENV conda-lock.yml
# To update a single package to the latest version compatible with the version constraints in the source:
#     conda-lock lock  --lockfile conda-lock.yml --update PACKAGE
# To re-solve the entire environment, e.g. after changing a version constraint in the source file:
#     conda-lock -f environment.yaml --lockfile conda-lock.yml
version: 1
metadata:
  content_hash:
    linux-64: 22864a2583ceaa8d448fada0f1de987fd480379cd2f57411f5784c51fb731558
  channels:
  - url: conda-forge
    used_env_vars: []
  platforms:
  - linux-64
  sources:
  - environment.yaml
package:
- name: _libgcc_mutex
  version: '0.1'
  manager: conda
  platform: linux-64
  dependencies: {}
  url: https://conda.anaconda.org/conda-forge/linux-64/_libgcc_mutex-0.1-conda_forge.tar.bz2
  hash:
    md5: d7c89558ba9fa0495403155b64376d81
    sha256: fe51de6107f9edc7aa4f786a70f4a883943bc9d39b3bb7307c04c41410990726
  category: main
  optional: false
- name: _openmp_mutex
  version: '4.5'
  manager: conda
  platform: linux-64
  dependencies:
    _libgcc_mutex: '0.1'
    libgomp: '>=7.5.0'
  url: https://conda.anaconda.org/conda-forge/linux-64/_openmp_mutex-4.5-2_gnu.tar.bz2
  hash:
    md5: 73aaf86a425cc6e73fcf236a5a46396d
    sha256: fbe2c5e56a653bebb982eda4876a9178aedfc2b545f25d0ce9c4c0b508253d22
  category: main
  optional: false
- name: bzip2
  version: 1.0.8
  manager: conda
  platform: linux-64
  dependencies:
    __glibc: '>=2.17,<3.0.a0'
    libgcc-ng: '>=12'
  url: https://conda.anaconda.org/conda-forge/linux-64/bzip2-1.0.8-h4bc722e_7.conda
  hash:
    md5: 62ee74e96c5ebb0af99386de58cf9553
    sha256: 5ced96500d945fb286c9c838e54fa759aa04a7129c59800f0846b4335cee770d
  category: main
  optional: false
- name: c-ares
  version: 1.34.5
  manager: conda
  platform: linux-64
  dependencies:
    __glibc: '>=2.17,<3.0.a0'
    libgcc: '>=13'
  url: https://conda.anaconda.org/conda-forge/linux-64/c-ares-1.34.5-hb9d3cd8_0.conda
  hash:
    md5: f7f0d6cc2dc986d42ac2689ec88192be
    sha256: f8003bef369f57396593ccd03d08a8e21966157269426f71e943f96e4b579aeb
  category: main
  optional: false
- name: ca-certificates
  version: 2025.8.3
  manager: conda
  platform: linux-64
  dependencies:
    __unix: ''
  url: https://conda.anaconda.org/conda-forge/noarch/ca-certificates-2025.8.3-hbd8a1cb_0.conda
  hash:
    md5: 74784ee3d225fc3dca89edb635b4e5cc
    sha256: 837b795a2bb39b75694ba910c13c15fa4998d4bb2a622c214a6a5174b2ae53d1
  category: main
  optional: false
- name: colorama
  version: 0.4.6
  manager: conda
  platform: linux-64
  dependencies:
    python: '>=3.9'
  url: https://conda.anaconda.org/conda-forge/noarch/colorama-0.4.6-pyhd8ed1ab_1.conda
  hash:
    md5: 962b9857ee8e7018c22f2776ffa0b2d7
    sha256: ab29d57dc70786c1269633ba3dff20288b81664d3ff8d21af995742e2bb03287
  category: main
  optional: false
- name: cyrus-sasl
  version: 2.1.28
  manager: conda
  platform: linux-64
  dependencies:
    __glibc: '>=2.17,<3.0.a0'
    krb5: '>=1.21.3,<1.22.0a0'
    libgcc: '>=13'
    libntlm: '>=1.8,<2.0a0'
    libstdcxx: '>=13'
    libxcrypt: '>=4.4.36'
    openssl: '>=3.5.0,<4.0a0'
  url: https://conda.anaconda.org/conda-forge/linux-64/cyrus-sasl-2.1.28-hd9c7081_0.conda
  hash:
    md5: cae723309a49399d2949362f4ab5c9e4
    sha256: ee09ad7610c12c7008262d713416d0b58bf365bc38584dce48950025850bdf3f
  category: main
  optional: false
- name: fftw
  version: 3.3.10
  manager: conda
  platform: linux-64
  dependencies:
    libgcc-ng: '>=12'
    libgfortran-ng: ''
    libgfortran5: '>=12.3.0'
    libstdcxx-ng: '>=12'
  url: https://conda.anaconda.org/conda-forge/linux-64/fftw-3.3.10-nompi_hf1063bd_110.conda
  hash:
    md5: ee3e687b78b778db7b304e5b00a4dca6
    sha256: 3cc58c9d9a8cc0089e3839ae5ff7ba4ddfc6df99d5f6a147fe90ea963bc6fe45
  category: main
  optional: false
- name: gsl
  version: '2.7'
  manager: conda
  platform: linux-64
  dependencies:
    libblas: '>=3.8.0,<4.0a0'
    libcblas: '>=3.8.0,<4.0a0'
    libgcc-ng: '>=9.3.0'
  url: https://conda.anaconda.org/conda-forge/linux-64/gsl-2.7-he838d99_0.tar.bz2
  hash:
    md5: fec079ba39c9cca093bf4c00001825de
    sha256: 132a918b676dd1f533d7c6f95e567abf7081a6ea3251c3280de35ef600e0da87
  category: main
  optional: false
- name: hdf5
  version: 1.14.6
  manager: conda
  platform: linux-64
  dependencies:
    __glibc: '>=2.17,<3.0.a0'
    libaec: '>=1.1.4,<2.0a0'
    libcurl: '>=8.14.1,<9.0a0'
    libgcc: '>=14'
    libgfortran: ''
    libgfortran5: '>=14.3.0'
    libstdcxx: '>=14'
    libzlib: '>=1.3.1,<2.0a0'
    openssl: '>=3.5.1,<4.0a0'
  url: https://conda.anaconda.org/conda-forge/linux-64/hdf5-1.14.6-nompi_h6e4c0c1_103.conda
  hash:
    md5: c74d83614aec66227ae5199d98852aaf
    sha256: 4f173af9e2299de7eee1af3d79e851bca28ee71e7426b377e841648b51d48614
  category: main
  optional: false
- name: icu
  version: '75.1'
  manager: conda
  platform: linux-64
  dependencies:
    __glibc: '>=2.17,<3.0.a0'
    libgcc-ng: '>=12'
    libstdcxx-ng: '>=12'
  url: https://conda.anaconda.org/conda-forge/linux-64/icu-75.1-he02047a_0.conda
  hash:
    md5: 8b189310083baabfb622af68fd9d3ae3
    sha256: 71e750d509f5fa3421087ba88ef9a7b9be11c53174af3aa4d06aff4c18b38e8e
  category: main
  optional: false
- name: igwn-segments
  version: 2.1.0
  manager: conda
  platform: linux-64
  dependencies:
    __glibc: '>=2.17,<3.0.a0'
    libgcc: '>=13'
    python: '>=3.11,<3.12.0a0'
    python_abi: 3.11.*
  url: https://conda.anaconda.org/conda-forge/linux-64/igwn-segments-2.1.0-py311h9ecbd09_0.conda
  hash:
    md5: d0367c202df9d923ea08862c375af416
    sha256: a8d3dcc52b9cf9faf43b3eb482aa43a6554058c9258732a1e582b0e7f239a3a0
  category: main
  optional: false
- name: keyutils
  version: 1.6.3
  manager: conda
  platform: linux-64
  dependencies:
    __glibc: '>=2.17,<3.0.a0'
    libgcc: '>=13'
  url: https://conda.anaconda.org/conda-forge/linux-64/keyutils-1.6.3-hb9d3cd8_0.conda
  hash:
    md5: b38117a3c920364aff79f870c984b4a3
    sha256: 0960d06048a7185d3542d850986d807c6e37ca2e644342dd0c72feefcf26c2a4
  category: main
  optional: false
- name: krb5
  version: 1.21.3
  manager: conda
  platform: linux-64
  dependencies:
    keyutils: '>=1.6.1,<2.0a0'
    libedit: '>=3.1.20191231,<4.0a0'
    libgcc-ng: '>=12'
    libstdcxx-ng: '>=12'
    openssl: '>=3.3.1,<4.0a0'
  url: https://conda.anaconda.org/conda-forge/linux-64/krb5-1.21.3-h659f571_0.conda
  hash:
    md5: 3f43953b7d3fb3aaa1d0d0723d91e368
    sha256: 99df692f7a8a5c27cd14b5fb1374ee55e756631b9c3d659ed3ee60830249b238
  category: main
  optional: false
- name: ld_impl_linux-64
  version: '2.44'
  manager: conda
  platform: linux-64
  dependencies:
    __glibc: '>=2.17,<3.0.a0'
  url: https://conda.anaconda.org/conda-forge/linux-64/ld_impl_linux-64-2.44-h1423503_1.conda
  hash:
    md5: 0be7c6e070c19105f966d3758448d018
    sha256: 1a620f27d79217c1295049ba214c2f80372062fd251b569e9873d4a953d27554
  category: main
  optional: false
- name: ldas-tools-al
  version: 2.6.7
  manager: conda
  platform: linux-64
  dependencies:
    __glibc: '>=2.17,<3.0.a0'
    libgcc-ng: '>=13'
    libstdcxx-ng: '>=13'
  url: https://conda.anaconda.org/conda-forge/linux-64/ldas-tools-al-2.6.7-h2b4839b_6.conda
  hash:
    md5: 86198d1b738f2331db73d9dc3481b9fa
    sha256: 966ed874b8bcef42ffea4e16bd3cadfbb60d9cf4ba3958d4ae7e138429abf8ed
  category: main
  optional: false
- name: ldas-tools-framecpp
  version: 2.9.3
  manager: conda
  platform: linux-64
  dependencies:
    __glibc: '>=2.17,<3.0.a0'
    ldas-tools-al: '>=2.6.7,<2.7.0a0'
    libboost: '>=1.86.0,<1.87.0a0'
    libgcc-ng: '>=12'
    libstdcxx-ng: '>=12'
    libzlib: '>=1.3.1,<2.0a0'
    openssl: '>=3.3.1,<4.0a0'
  url: https://conda.anaconda.org/conda-forge/linux-64/ldas-tools-framecpp-2.9.3-hcc7daa0_3.conda
  hash:
    md5: 80349050839b85cb94ef123dbf1b92fc
    sha256: 922bd701a3a7b7785c171e2b606e3e3d7019249052bf09ae9aff2d36a92d3b05
  category: main
  optional: false
- name: libaec
  version: 1.1.4
  manager: conda
  platform: linux-64
  dependencies:
    __glibc: '>=2.17,<3.0.a0'
    libgcc: '>=13'
    libstdcxx: '>=13'
  url: https://conda.anaconda.org/conda-forge/linux-64/libaec-1.1.4-h3f801dc_0.conda
  hash:
    md5: 01ba04e414e47f95c03d6ddd81fd37be
    sha256: 410ab78fe89bc869d435de04c9ffa189598ac15bb0fe1ea8ace8fb1b860a2aa3
  category: main
  optional: false
- name: libblas
  version: 3.9.0
  manager: conda
  platform: linux-64
  dependencies:
    libopenblas: '>=0.3.30,<1.0a0'
  url: https://conda.anaconda.org/conda-forge/linux-64/libblas-3.9.0-35_h59b9bed_openblas.conda
  hash:
    md5: eaf80af526daf5745295d9964c2bd3cf
    sha256: 83d0755acd486660532003bc2562223504b57732bc7e250985391ce335692cf7
  category: main
  optional: false
- name: libboost
  version: 1.86.0
  manager: conda
  platform: linux-64
  dependencies:
    __glibc: '>=2.17,<3.0.a0'
    bzip2: '>=1.0.8,<2.0a0'
    icu: '>=75.1,<76.0a0'
    libgcc: '>=14'
    liblzma: '>=5.8.1,<6.0a0'
    libstdcxx: '>=14'
    libzlib: '>=1.3.1,<2.0a0'
    zstd: '>=1.5.7,<1.6.0a0'
  url: https://conda.anaconda.org/conda-forge/linux-64/libboost-1.86.0-hed09d94_4.conda
  hash:
    md5: b708abf3b6a0f3cf2f833d2edf18aff0
    sha256: 2e9778d8c3bbc6e7698fd87a1499a68ca1f02be37f6aaefa7541eb2728ffbff3
  category: main
  optional: false
- name: libcblas
  version: 3.9.0
  manager: conda
  platform: linux-64
  dependencies:
    libblas: 3.9.0
  url: https://conda.anaconda.org/conda-forge/linux-64/libcblas-3.9.0-35_he106b2a_openblas.conda
  hash:
    md5: e62d58d32431dabed236c860dfa566ca
    sha256: 6f296f1567a7052c0f8b9527f74cfebc5418dbbae6dcdbae8659963f8ae7f48e
  category: main
  optional: false
- name: libcurl
  version: 8.14.1
  manager: conda
  platform: linux-64
  dependencies:
    __glibc: '>=2.17,<3.0.a0'
    krb5: '>=1.21.3,<1.22.0a0'
    libgcc: '>=13'
    libnghttp2: '>=1.64.0,<2.0a0'
    libssh2: '>=1.11.1,<2.0a0'
    libzlib: '>=1.3.1,<2.0a0'
    openssl: '>=3.5.0,<4.0a0'
    zstd: '>=1.5.7,<1.6.0a0'
  url: https://conda.anaconda.org/conda-forge/linux-64/libcurl-8.14.1-h332b0f4_0.conda
  hash:
    md5: 45f6713cb00f124af300342512219182
    sha256: b6c5cf340a4f80d70d64b3a29a7d9885a5918d16a5cb952022820e6d3e79dc8b
  category: main
  optional: false
- name: libedit
  version: 3.1.20250104
  manager: conda
  platform: linux-64
  dependencies:
    ncurses: '>=6.5,<7.0a0'
    __glibc: '>=2.17,<3.0.a0'
    libgcc: '>=13'
  url: https://conda.anaconda.org/conda-forge/linux-64/libedit-3.1.20250104-pl5321h7949ede_0.conda
  hash:
    md5: c277e0a4d549b03ac1e9d6cbbe3d017b
    sha256: d789471216e7aba3c184cd054ed61ce3f6dac6f87a50ec69291b9297f8c18724
  category: main
  optional: false
- name: libev
  version: '4.33'
  manager: conda
  platform: linux-64
  dependencies:
    libgcc-ng: '>=12'
  url: https://conda.anaconda.org/conda-forge/linux-64/libev-4.33-hd590300_2.conda
  hash:
    md5: 172bf1cd1ff8629f2b1179945ed45055
    sha256: 1cd6048169fa0395af74ed5d8f1716e22c19a81a8a36f934c110ca3ad4dd27b4
  category: main
  optional: false
- name: libexpat
  version: 2.7.1
  manager: conda
  platform: linux-64
  dependencies:
    __glibc: '>=2.17,<3.0.a0'
    libgcc: '>=14'
  url: https://conda.anaconda.org/conda-forge/linux-64/libexpat-2.7.1-hecca717_0.conda
  hash:
    md5: 4211416ecba1866fab0c6470986c22d6
    sha256: da2080da8f0288b95dd86765c801c6e166c4619b910b11f9a8446fb852438dc2
  category: main
  optional: false
- name: libffi
  version: 3.4.6
  manager: conda
  platform: linux-64
  dependencies:
    __glibc: '>=2.17,<3.0.a0'
    libgcc: '>=13'
  url: https://conda.anaconda.org/conda-forge/linux-64/libffi-3.4.6-h2dba641_1.conda
  hash:
    md5: ede4673863426c0883c0063d853bbd85
    sha256: 764432d32db45466e87f10621db5b74363a9f847d2b8b1f9743746cd160f06ab
  category: main
  optional: false
- name: libgcc
  version: 15.1.0
  manager: conda
  platform: linux-64
  dependencies:
    __glibc: '>=2.17,<3.0.a0'
    _openmp_mutex: '>=4.5'
  url: https://conda.anaconda.org/conda-forge/linux-64/libgcc-15.1.0-h767d61c_5.conda
  hash:
    md5: 264fbfba7fb20acf3b29cde153e345ce
    sha256: 0caed73aac3966bfbf5710e06c728a24c6c138605121a3dacb2e03440e8baa6a
  category: main
  optional: false
- name: libgcc-ng
  version: 15.1.0
  manager: conda
  platform: linux-64
  dependencies:
    libgcc: 15.1.0
  url: https://conda.anaconda.org/conda-forge/linux-64/libgcc-ng-15.1.0-h69a702a_5.conda
  hash:
    md5: 069afdf8ea72504e48d23ae1171d951c
    sha256: f54bb9c3be12b24be327f4c1afccc2969712e0b091cdfbd1d763fb3e61cda03f
  category: main
  optional: false
- name: libgfortran
  version: 15.1.0
  manager: conda
  platform: linux-64
  dependencies:
    libgfortran5: 15.1.0
  url: https://conda.anaconda.org/conda-forge/linux-64/libgfortran-15.1.0-h69a702a_5.conda
  hash:
    md5: 0c91408b3dec0b97e8a3c694845bd63b
    sha256: 4c1a526198d0d62441549fdfd668cc8e18e77609da1e545bdcc771dd8dc6a990
  category: main
  optional: false
- name: libgfortran-ng
  version: 15.1.0
  manager: conda
  platform: linux-64
  dependencies:
    libgfortran: 15.1.0
  url: https://conda.anaconda.org/conda-forge/linux-64/libgfortran-ng-15.1.0-h69a702a_5.conda
  hash:
    md5: 41a5893c957ffed7f82b4005bc24866c
    sha256: c57134f04fec99dca25a44d90b9ee9494b022650ede931a7d237c65706c67052
  category: main
  optional: false
- name: libgfortran5
  version: 15.1.0
  manager: conda
  platform: linux-64
  dependencies:
    __glibc: '>=2.17,<3.0.a0'
    libgcc: '>=15.1.0'
  url: https://conda.anaconda.org/conda-forge/linux-64/libgfortran5-15.1.0-hcea5267_5.conda
  hash:
    md5: fbd4008644add05032b6764807ee2cba
    sha256: 9d06adc6d8e8187ddc1cad87525c690bc8202d8cb06c13b76ab2fc80a35ed565
  category: main
  optional: false
- name: libgomp
  version: 15.1.0
  manager: conda
  platform: linux-64
  dependencies:
    __glibc: '>=2.17,<3.0.a0'
  url: https://conda.anaconda.org/conda-forge/linux-64/libgomp-15.1.0-h767d61c_5.conda
  hash:
    md5: dcd5ff1940cd38f6df777cac86819d60
    sha256: 125051d51a8c04694d0830f6343af78b556dd88cc249dfec5a97703ebfb1832d
  category: main
  optional: false
- name: liblal
  version: 7.7.0
  manager: conda
  platform: linux-64
  dependencies:
    __glibc: '>=2.17,<3.0.a0'
    fftw: '>=3.3.10,<4.0a0'
    gsl: '>=2.7,<2.8.0a0'
    hdf5: '>=1.14.6,<1.14.7.0a0'
    libgcc: '>=14'
    libzlib: '>=1.3.1,<2.0a0'
  url: https://conda.anaconda.org/conda-forge/linux-64/liblal-7.7.0-fftw_h0eb8034_101.conda
  hash:
    md5: e52b43733b896f6caeafda529baac2c1
    sha256: 42a2f79c7920d3a8fc49aa23cac13e9011d8c420027402da3c420211d7955a81
  category: main
  optional: false
- name: liblapack
  version: 3.9.0
  manager: conda
  platform: linux-64
  dependencies:
    libblas: 3.9.0
  url: https://conda.anaconda.org/conda-forge/linux-64/liblapack-3.9.0-35_h7ac8fdf_openblas.conda
  hash:
    md5: 88fa5489509c1da59ab2ee6b234511a5
    sha256: 3967e62d4d1d5c1492f861864afca95aaa8cac14e696ce7b9be7d0b6a50507e8
  category: main
  optional: false
- name: liblzma
  version: 5.8.1
  manager: conda
  platform: linux-64
  dependencies:
    __glibc: '>=2.17,<3.0.a0'
    libgcc: '>=13'
  url: https://conda.anaconda.org/conda-forge/linux-64/liblzma-5.8.1-hb9d3cd8_2.conda
  hash:
    md5: 1a580f7796c7bf6393fddb8bbbde58dc
    sha256: f2591c0069447bbe28d4d696b7fcb0c5bd0b4ac582769b89addbcf26fb3430d8
  category: main
  optional: false
- name: libnghttp2
  version: 1.67.0
  manager: conda
  platform: linux-64
  dependencies:
    __glibc: '>=2.17,<3.0.a0'
    c-ares: '>=1.34.5,<2.0a0'
    libev: '>=4.33,<5.0a0'
    libgcc: '>=14'
    libstdcxx: '>=14'
    libzlib: '>=1.3.1,<2.0a0'
    openssl: '>=3.5.2,<4.0a0'
  url: https://conda.anaconda.org/conda-forge/linux-64/libnghttp2-1.67.0-had1ee68_0.conda
  hash:
    md5: b499ce4b026493a13774bcf0f4c33849
    sha256: a4a7dab8db4dc81c736e9a9b42bdfd97b087816e029e221380511960ac46c690
  category: main
  optional: false
- name: libnsl
  version: 2.0.1
  manager: conda
  platform: linux-64
  dependencies:
    __glibc: '>=2.17,<3.0.a0'
    libgcc: '>=13'
  url: https://conda.anaconda.org/conda-forge/linux-64/libnsl-2.0.1-hb9d3cd8_1.conda
  hash:
    md5: d864d34357c3b65a4b731f78c0801dc4
    sha256: 927fe72b054277cde6cb82597d0fcf6baf127dcbce2e0a9d8925a68f1265eef5
  category: main
  optional: false
- name: libntlm
  version: '1.8'
  manager: conda
  platform: linux-64
  dependencies:
    __glibc: '>=2.17,<3.0.a0'
    libgcc: '>=13'
  url: https://conda.anaconda.org/conda-forge/linux-64/libntlm-1.8-hb9d3cd8_0.conda
  hash:
    md5: 7c7927b404672409d9917d49bff5f2d6
    sha256: 3b3f19ced060013c2dd99d9d46403be6d319d4601814c772a3472fe2955612b0
  category: main
  optional: false
- name: libopenblas
  version: 0.3.30
  manager: conda
  platform: linux-64
  dependencies:
    __glibc: '>=2.17,<3.0.a0'
    libgcc: '>=14'
    libgfortran: ''
    libgfortran5: '>=14.3.0'
  url: https://conda.anaconda.org/conda-forge/linux-64/libopenblas-0.3.30-pthreads_h94d23a6_2.conda
  hash:
    md5: dfc5aae7b043d9f56ba99514d5e60625
    sha256: 1b51d1f96e751dc945cc06f79caa91833b0c3326efe24e9b506bd64ef49fc9b0
  category: main
  optional: false
- name: libsqlite
  version: 3.50.4
  manager: conda
  platform: linux-64
  dependencies:
    __glibc: '>=2.17,<3.0.a0'
    libgcc: '>=14'
    libzlib: '>=1.3.1,<2.0a0'
  url: https://conda.anaconda.org/conda-forge/linux-64/libsqlite-3.50.4-h0c1763c_0.conda
  hash:
    md5: 0b367fad34931cb79e0d6b7e5c06bb1c
    sha256: 6d9c32fc369af5a84875725f7ddfbfc2ace795c28f246dc70055a79f9b2003da
  category: main
  optional: false
- name: libssh2
  version: 1.11.1
  manager: conda
  platform: linux-64
  dependencies:
    __glibc: '>=2.17,<3.0.a0'
    libgcc: '>=13'
    libzlib: '>=1.3.1,<2.0a0'
    openssl: '>=3.5.0,<4.0a0'
  url: https://conda.anaconda.org/conda-forge/linux-64/libssh2-1.11.1-hcf80075_0.conda
  hash:
    md5: eecce068c7e4eddeb169591baac20ac4
    sha256: fa39bfd69228a13e553bd24601332b7cfeb30ca11a3ca50bb028108fe90a7661
  category: main
  optional: false
- name: libstdcxx
  version: 15.1.0
  manager: conda
  platform: linux-64
  dependencies:
    __glibc: '>=2.17,<3.0.a0'
    libgcc: 15.1.0
  url: https://conda.anaconda.org/conda-forge/linux-64/libstdcxx-15.1.0-h8f9b012_5.conda
  hash:
    md5: 4e02a49aaa9d5190cb630fa43528fbe6
    sha256: 0f5f61cab229b6043541c13538d75ce11bd96fb2db76f94ecf81997b1fde6408
  category: main
  optional: false
- name: libstdcxx-ng
  version: 15.1.0
  manager: conda
  platform: linux-64
  dependencies:
    libstdcxx: 15.1.0
  url: https://conda.anaconda.org/conda-forge/linux-64/libstdcxx-ng-15.1.0-h4852527_5.conda
  hash:
    md5: 8bba50c7f4679f08c861b597ad2bda6b
    sha256: 7b8cabbf0ab4fe3581ca28fe8ca319f964078578a51dd2ca3f703c1d21ba23ff
  category: main
  optional: false
- name: libuuid
  version: 2.41.1
  manager: conda
  platform: linux-64
  dependencies:
    __glibc: '>=2.17,<3.0.a0'
    libgcc: '>=14'
  url: https://conda.anaconda.org/conda-forge/linux-64/libuuid-2.41.1-he9a06e4_0.conda
  hash:
    md5: af930c65e9a79a3423d6d36e265cef65
    sha256: 776e28735cee84b97e4d05dd5d67b95221a3e2c09b8b13e3d6dbe6494337d527
  category: main
  optional: false
- name: libxcrypt
  version: 4.4.36
  manager: conda
  platform: linux-64
  dependencies:
    libgcc-ng: '>=12'
  url: https://conda.anaconda.org/conda-forge/linux-64/libxcrypt-4.4.36-hd590300_1.conda
  hash:
    md5: 5aa797f8787fe7a17d1b0821485b5adc
    sha256: 6ae68e0b86423ef188196fff6207ed0c8195dd84273cb5623b85aa08033a410c
  category: main
  optional: false
- name: libzlib
  version: 1.3.1
  manager: conda
  platform: linux-64
  dependencies:
    __glibc: '>=2.17,<3.0.a0'
    libgcc: '>=13'
  url: https://conda.anaconda.org/conda-forge/linux-64/libzlib-1.3.1-hb9d3cd8_2.conda
  hash:
    md5: edb0dca6bc32e4f4789199455a1dbeb8
    sha256: d4bfe88d7cb447768e31650f06257995601f89076080e76df55e3112d4e47dc4
  category: main
  optional: false
- name: ligo-segments
  version: 1.4.0
  manager: conda
  platform: linux-64
  dependencies:
    __glibc: '>=2.17,<3.0.a0'
    libgcc: '>=13'
    python: '>=3.11,<3.12.0a0'
    python_abi: 3.11.*
    six: ''
  url: https://conda.anaconda.org/conda-forge/linux-64/ligo-segments-1.4.0-py311h9ecbd09_6.conda
  hash:
    md5: 027a67c27f3b52fa9e46153e1a7e105c
    sha256: 0358dc38535c6abeda49ccf373706c6b94f197e814cce92545a766b83b97b6e4
  category: main
  optional: false
- name: lscsoft-glue
  version: 4.1.0
  manager: conda
  platform: linux-64
  dependencies:
    igwn-segments: ''
    python: '>=3.9'
  url: https://conda.anaconda.org/conda-forge/noarch/lscsoft-glue-4.1.0-pyhd8ed1ab_0.conda
  hash:
    md5: 66ce3bbcfe58dac9d2de1bbba3b6bee7
    sha256: 902645680b3490fecb6bf4fd46de9045b8557ad9a7c52364f576ce0222306249
  category: main
  optional: false
- name: ncurses
  version: '6.5'
  manager: conda
  platform: linux-64
  dependencies:
    __glibc: '>=2.17,<3.0.a0'
    libgcc: '>=13'
  url: https://conda.anaconda.org/conda-forge/linux-64/ncurses-6.5-h2d0b736_3.conda
  hash:
    md5: 47e340acb35de30501a76c7c799c41d7
    sha256: 3fde293232fa3fca98635e1167de6b7c7fda83caf24b9d6c91ec9eefb4f4d586
  category: main
  optional: false
- name: nds2-client
  version: 0.16.8
  manager: conda
  platform: linux-64
  dependencies:
    __glibc: '>=2.17,<3.0.a0'
    cyrus-sasl: '>=2.1.28,<3.0a0'
    libgcc: '>=14'
    libstdcxx: '>=14'
  url: https://conda.anaconda.org/conda-forge/linux-64/nds2-client-0.16.8-h83f5b4b_9.conda
  hash:
    md5: f539625b0efdad62dc9c6a0a7cfbb867
    sha256: 6e8037a9dd276079b0d2cee30c185c87792a80fe3914d19d5858e130f5e40ba8
  category: main
  optional: false
- name: numpy
  version: 2.3.2
  manager: conda
  platform: linux-64
  dependencies:
    python: ''
    libgcc: '>=14'
    libstdcxx: '>=14'
    __glibc: '>=2.17,<3.0.a0'
    libcblas: '>=3.9.0,<4.0a0'
    libblas: '>=3.9.0,<4.0a0'
    liblapack: '>=3.9.0,<4.0a0'
    python_abi: 3.11.*
  url: https://conda.anaconda.org/conda-forge/linux-64/numpy-2.3.2-py311h2e04523_2.conda
  hash:
    md5: 7fb6248106c55e3ccd29ac675be01fac
    sha256: a8be67f8be3354e33da3adacb021f7f93971ddc466d79eab412151bf5dc58cf4
  category: main
  optional: false
- name: openssl
  version: 3.5.2
  manager: conda
  platform: linux-64
  dependencies:
    __glibc: '>=2.17,<3.0.a0'
    ca-certificates: ''
    libgcc: '>=14'
  url: https://conda.anaconda.org/conda-forge/linux-64/openssl-3.5.2-h26f9b46_0.conda
  hash:
    md5: ffffb341206dd0dab0c36053c048d621
    sha256: c9f54d4e8212f313be7b02eb962d0cb13a8dae015683a403d3accd4add3e520e
  category: main
  optional: false
- name: pip
  version: '25.2'
  manager: conda
  platform: linux-64
  dependencies:
    python: '>=3.9,<3.13.0a0'
    setuptools: ''
    wheel: ''
  url: https://conda.anaconda.org/conda-forge/noarch/pip-25.2-pyh8b19718_0.conda
  hash:
    md5: dfce4b2af4bfe90cdcaf56ca0b28ddf5
    sha256: ec9ed3cef137679f3e3a68e286c6efd52144684e1be0b05004d9699882dadcdd
  category: main
  optional: false
- name: python
  version: 3.11.13
  manager: conda
  platform: linux-64
  dependencies:
    __glibc: '>=2.17,<3.0.a0'
    bzip2: '>=1.0.8,<2.0a0'
    ld_impl_linux-64: '>=2.36.1'
    libexpat: '>=2.7.0,<3.0a0'
    libffi: '>=3.4.6,<3.5.0a0'
    libgcc: '>=13'
    liblzma: '>=5.8.1,<6.0a0'
    libnsl: '>=2.0.1,<2.1.0a0'
    libsqlite: '>=3.50.0,<4.0a0'
    libuuid: '>=2.38.1,<3.0a0'
    libxcrypt: '>=4.4.36'
    libzlib: '>=1.3.1,<2.0a0'
    ncurses: '>=6.5,<7.0a0'
    openssl: '>=3.5.0,<4.0a0'
    readline: '>=8.2,<9.0a0'
    tk: '>=8.6.13,<8.7.0a0'
    tzdata: ''
  url: https://conda.anaconda.org/conda-forge/linux-64/python-3.11.13-h9e4cc4f_0_cpython.conda
  hash:
    md5: 8c399445b6dc73eab839659e6c7b5ad1
    sha256: 9979a7d4621049388892489267139f1aa629b10c26601ba5dce96afc2b1551d4
  category: main
  optional: false
- name: python-dateutil
  version: 2.9.0.post0
  manager: conda
  platform: linux-64
  dependencies:
    python: ''
    six: '>=1.5'
  url: https://conda.anaconda.org/conda-forge/noarch/python-dateutil-2.9.0.post0-pyhe01879c_2.conda
  hash:
    md5: 5b8d21249ff20967101ffa321cab24e8
    sha256: d6a17ece93bbd5139e02d2bd7dbfa80bee1a4261dced63f65f679121686bf664
  category: main
  optional: false
- name: python-lal
  version: 7.7.0
  manager: conda
  platform: linux-64
  dependencies:
    __glibc: '>=2.17,<3.0.a0'
    igwn-segments: ''
    libgcc: '>=14'
    liblal: 7.7.0
    numpy: '>=1.23,<3'
    python: '>=3.11,<3.12.0a0'
    python-dateutil: ''
    python_abi: 3.11.*
    scipy: ''
  url: https://conda.anaconda.org/conda-forge/linux-64/python-lal-7.7.0-fftw_py311haca82d6_101.conda
  hash:
    md5: 19ce8074d554571125abd0c95fab01de
    sha256: 7c321a3535374283ce40856406cee1e165f98d62e09ae56cb6e688fec8671e6c
  category: main
  optional: false
- name: python-ldas-tools-al
  version: 2.6.11
  manager: conda
  platform: linux-64
  dependencies:
    __glibc: '>=2.17,<3.0.a0'
    libgcc: '>=13'
    libstdcxx: '>=13'
    python: '>=3.11,<3.12.0a0'
    python_abi: 3.11.*
  url: https://conda.anaconda.org/conda-forge/linux-64/python-ldas-tools-al-2.6.11-py311hd18a35c_0.conda
  hash:
    md5: a422d09f0938c9bcf6b855e3583bbec9
    sha256: 91b7a10396af1d53a8ef1bd0c4e7e9b114be3e75d8afe46b9a5b5882e6601521
  category: main
  optional: false
- name: python-ldas-tools-framecpp
  version: 2.6.14
  manager: conda
  platform: linux-64
  dependencies:
    __glibc: '>=2.17,<3.0.a0'
    ldas-tools-al: '>=2.6.7,<2.7.0a0'
    ldas-tools-framecpp: '>=2.9.3,<2.10.0a0'
    libboost: '>=1.86.0,<1.87.0a0'
    libgcc: '>=13'
    libstdcxx: '>=13'
    numpy: '>=1.19,<3'
    python: '>=3.11,<3.12.0a0'
    python-ldas-tools-al: '>=2.6.10'
    python_abi: 3.11.*
  url: https://conda.anaconda.org/conda-forge/linux-64/python-ldas-tools-framecpp-2.6.14-py311h37c1df7_5.conda
  hash:
    md5: 93781aa1ee36675498fe7ce70f664b91
    sha256: 1fa6921ccd64329e93ec719459f33aec046176a754c74678657c8ae47d3d0ebe
  category: main
  optional: false
- name: python-ligo-lw
  version: 1.8.3
  manager: conda
  platform: linux-64
  dependencies:
    __glibc: '>=2.17,<3.0.a0'
    libgcc: '>=13'
    ligo-segments: ''
    lscsoft-glue: '>=2.0.0'
    numpy: ''
    python: '>=3.11,<3.12.0a0'
    python-dateutil: ''
    python-lal: '>=6.19.0'
    python_abi: 3.11.*
    pyyaml: ''
    six: ''
    tqdm: ''
  url: https://conda.anaconda.org/conda-forge/linux-64/python-ligo-lw-1.8.3-py311h9ecbd09_4.conda
  hash:
    md5: 99923e28d1504c4f8928d883043608d6
    sha256: 6cf811c026b032cf7ac1d104fac082329005db048fc9482dcd0af5f053474ad6
  category: main
  optional: false
- name: python-nds2-client
  version: 0.16.12
  manager: conda
  platform: linux-64
  dependencies:
    __glibc: '>=2.17,<3.0.a0'
    libgcc: '>=14'
    libstdcxx: '>=14'
    nds2-client: '>=0.16.8,<0.17.0a0'
    numpy: '>=1.23,<3'
    python: '>=3.11,<3.12.0a0'
    python_abi: 3.11.*
  url: https://conda.anaconda.org/conda-forge/linux-64/python-nds2-client-0.16.12-py311hed34c8f_7.conda
  hash:
    md5: cf11dbf9028d0cf43f702da5dcfebb09
    sha256: 0fb7b59ebb5077f412dce5960c0d0e7423645b26a1c4622fecbd794f78ac09d9
  category: main
  optional: false
- name: python_abi
  version: '3.11'
  manager: conda
  platform: linux-64
  dependencies: {}
  url: https://conda.anaconda.org/conda-forge/noarch/python_abi-3.11-8_cp311.conda
  hash:
    md5: 8fcb6b0e2161850556231336dae58358
    sha256: fddf123692aa4b1fc48f0471e346400d9852d96eeed77dbfdd746fa50a8ff894
  category: main
  optional: false
- name: pyyaml
  version: 6.0.2
  manager: conda
  platform: linux-64
  dependencies:
    __glibc: '>=2.17,<3.0.a0'
    libgcc: '>=13'
    python: '>=3.11,<3.12.0a0'
    python_abi: 3.11.*
    yaml: '>=0.2.5,<0.3.0a0'
  url: https://conda.anaconda.org/conda-forge/linux-64/pyyaml-6.0.2-py311h2dc5d0c_2.conda
  hash:
    md5: 014417753f948da1f70d132b2de573be
    sha256: d107ad62ed5c62764fba9400f2c423d89adf917d687c7f2e56c3bfed605fb5b3
  category: main
  optional: false
- name: readline
  version: '8.2'
  manager: conda
  platform: linux-64
  dependencies:
    libgcc: '>=13'
    ncurses: '>=6.5,<7.0a0'
  url: https://conda.anaconda.org/conda-forge/linux-64/readline-8.2-h8c095d6_2.conda
  hash:
    md5: 283b96675859b20a825f8fa30f311446
    sha256: 2d6d0c026902561ed77cd646b5021aef2d4db22e57a5b0178dfc669231e06d2c
  category: main
  optional: false
- name: scipy
  version: 1.16.1
  manager: conda
  platform: linux-64
  dependencies:
    __glibc: '>=2.17,<3.0.a0'
    libblas: '>=3.9.0,<4.0a0'
    libcblas: '>=3.9.0,<4.0a0'
    libgcc: '>=14'
    libgfortran: ''
    libgfortran5: '>=14.3.0'
    liblapack: '>=3.9.0,<4.0a0'
    libstdcxx: '>=14'
    numpy: '>=1.25.2'
    python: '>=3.11,<3.12.0a0'
    python_abi: 3.11.*
  url: https://conda.anaconda.org/conda-forge/linux-64/scipy-1.16.1-py311h1e13796_1.conda
  hash:
    md5: 84a0938801df456e4f3fa651d37d404f
    sha256: ede8e41298cdf0df52c78f102145e62449a1aca79f80b1bea198042417de09cc
  category: main
  optional: false
- name: setuptools
  version: 80.9.0
  manager: conda
  platform: linux-64
  dependencies:
    python: '>=3.9'
  url: https://conda.anaconda.org/conda-forge/noarch/setuptools-80.9.0-pyhff2d567_0.conda
  hash:
    md5: 4de79c071274a53dcaf2a8c749d1499e
    sha256: 972560fcf9657058e3e1f97186cc94389144b46dbdf58c807ce62e83f977e863
  category: main
  optional: false
- name: six
  version: 1.17.0
  manager: conda
  platform: linux-64
  dependencies:
    python: ''
  url: https://conda.anaconda.org/conda-forge/noarch/six-1.17.0-pyhe01879c_1.conda
  hash:
    md5: 3339e3b65d58accf4ca4fb8748ab16b3
    sha256: 458227f759d5e3fcec5d9b7acce54e10c9e1f4f4b7ec978f3bfd54ce4ee9853d
  category: main
  optional: false
- name: tk
  version: 8.6.13
  manager: conda
  platform: linux-64
  dependencies:
    __glibc: '>=2.17,<3.0.a0'
    libgcc: '>=13'
    libzlib: '>=1.3.1,<2.0a0'
  url: https://conda.anaconda.org/conda-forge/linux-64/tk-8.6.13-noxft_hd72426e_102.conda
  hash:
    md5: a0116df4f4ed05c303811a837d5b39d8
    sha256: a84ff687119e6d8752346d1d408d5cf360dee0badd487a472aa8ddedfdc219e1
  category: main
  optional: false
- name: tqdm
  version: 4.67.1
  manager: conda
  platform: linux-64
  dependencies:
    colorama: ''
    python: '>=3.9'
  url: https://conda.anaconda.org/conda-forge/noarch/tqdm-4.67.1-pyhd8ed1ab_1.conda
  hash:
    md5: 9efbfdc37242619130ea42b1cc4ed861
    sha256: 11e2c85468ae9902d24a27137b6b39b4a78099806e551d390e394a8c34b48e40
  category: main
  optional: false
- name: tzdata
  version: 2025b
  manager: conda
  platform: linux-64
  dependencies: {}
  url: https://conda.anaconda.org/conda-forge/noarch/tzdata-2025b-h78e105d_0.conda
  hash:
    md5: 4222072737ccff51314b5ece9c7d6f5a
    sha256: 5aaa366385d716557e365f0a4e9c3fca43ba196872abbbe3d56bb610d131e192
  category: main
  optional: false
- name: uv
  version: 0.6.10
  manager: conda
  platform: linux-64
  dependencies:
    __glibc: '>=2.17,<3.0.a0'
    libgcc: '>=13'
    libstdcxx: '>=13'
  url: https://conda.anaconda.org/conda-forge/linux-64/uv-0.6.10-h0f3a69f_0.conda
  hash:
    md5: d819b241035dc42d91c4672a82daea24
    sha256: 3664a844eb11b4ecadb46c129eca1ce31f77448d15b371dac071c4db50060689
  category: main
  optional: false
- name: wheel
  version: 0.45.1
  manager: conda
  platform: linux-64
  dependencies:
    python: '>=3.9'
  url: https://conda.anaconda.org/conda-forge/noarch/wheel-0.45.1-pyhd8ed1ab_1.conda
  hash:
    md5: 75cb7132eb58d97896e173ef12ac9986
    sha256: 1b34021e815ff89a4d902d879c3bd2040bc1bd6169b32e9427497fa05c55f1ce
  category: main
  optional: false
- name: yaml
  version: 0.2.5
  manager: conda
  platform: linux-64
  dependencies:
    libgcc: '>=14'
    __glibc: '>=2.17,<3.0.a0'
  url: https://conda.anaconda.org/conda-forge/linux-64/yaml-0.2.5-h280c20c_3.conda
  hash:
    md5: a77f85f77be52ff59391544bfe73390a
    sha256: 6d9ea2f731e284e9316d95fa61869fe7bbba33df7929f82693c121022810f4ad
  category: main
  optional: false
- name: zstd
  version: 1.5.7
  manager: conda
  platform: linux-64
  dependencies:
    __glibc: '>=2.17,<3.0.a0'
    libgcc: '>=13'
    libstdcxx: '>=13'
    libzlib: '>=1.3.1,<2.0a0'
  url: https://conda.anaconda.org/conda-forge/linux-64/zstd-1.5.7-hb8e6e7a_2.conda
  hash:
    md5: 6432cb5d4ac0046c3ac0a8a0f95842f9
    sha256: a4166e3d8ff4e35932510aaff7aa90772f84b4d07e9f6f83c614cba7ceefe0eb
  category: main
  optional: false
